
Microsoft Visual Studio Solution File, Format Version 12.00
# Visual Studio Version 16
VisualStudioVersion = 16.0.30002.166
MinimumVisualStudioVersion = 10.0.40219.1
Project("{FAE04EC0-301F-11D3-BF4B-00C04F79EFBC}") = "PsHelloFunctions", "PsHelloFunctions\PsHelloFunctions.csproj", "{9FD2B22B-8F50-4F0B-9B11-8B53E357E4B0}"
EndProject
Global
	GlobalSection(SolutionConfigurationPlatforms) = preSolution
		Debug|Any CPU = Debug|Any CPU
		Release|Any CPU = Release|Any CPU
	EndGlobalSection
	GlobalSection(ProjectConfigurationPlatforms) = postSolution
		{9FD2B22B-8F50-4F0B-9B11-8B53E357E4B0}.Debug|Any CPU.ActiveCfg = Debug|Any CPU
		{9FD2B22B-8F50-4F0B-9B11-8B53E357E4B0}.Debug|Any CPU.Build.0 = Debug|Any CPU
		{9FD2B22B-8F50-4F0B-9B11-8B53E357E4B0}.Release|Any CPU.ActiveCfg = Release|Any CPU
		{9FD2B22B-8F50-4F0B-9B11-8B53E357E4B0}.Release|Any CPU.Build.0 = Release|Any CPU
	EndGlobalSection
	GlobalSection(SolutionProperties) = preSolution
		HideSolutionNode = FALSE
	EndGlobalSection
	GlobalSection(ExtensibilityGlobals) = postSolution
		SolutionGuid = {15315F50-2BB8-440D-922D-C3F1E88ED674}
	EndGlobalSection
EndGlobal
